
Microsoft Visual Studio Solution File, Format Version 12.00
# Visual Studio 15
VisualStudioVersion = 15.0.28010.2041
MinimumVisualStudioVersion = 10.0.40219.1
Project("{FAE04EC0-301F-11D3-BF4B-00C04F79EFBC}") = "ElectronicaPrototype", "ElectronicaPrototype\ElectronicaPrototype.csproj", "{1EE3CB97-4712-4223-858D-FF220ACAF5C3}"
EndProject
Project("{FAE04EC0-301F-11D3-BF4B-00C04F79EFBC}") = "XMLSchemes", "XMLSchemes\XMLSchemes.csproj", "{7C879DF0-E1CE-4190-BF1D-32033FA4E81E}"
EndProject
Global
	GlobalSection(SolutionConfigurationPlatforms) = preSolution
		Debug|Any CPU = Debug|Any CPU
		Release|Any CPU = Release|Any CPU
	EndGlobalSection
	GlobalSection(ProjectConfigurationPlatforms) = postSolution
		{1EE3CB97-4712-4223-858D-FF220ACAF5C3}.Debug|Any CPU.ActiveCfg = Debug|Any CPU
		{1EE3CB97-4712-4223-858D-FF220ACAF5C3}.Debug|Any CPU.Build.0 = Debug|Any CPU
		{1EE3CB97-4712-4223-858D-FF220ACAF5C3}.Release|Any CPU.ActiveCfg = Release|Any CPU
		{1EE3CB97-4712-4223-858D-FF220ACAF5C3}.Release|Any CPU.Build.0 = Release|Any CPU
		{7C879DF0-E1CE-4190-BF1D-32033FA4E81E}.Debug|Any CPU.ActiveCfg = Debug|Any CPU
		{7C879DF0-E1CE-4190-BF1D-32033FA4E81E}.Debug|Any CPU.Build.0 = Debug|Any CPU
		{7C879DF0-E1CE-4190-BF1D-32033FA4E81E}.Release|Any CPU.ActiveCfg = Release|Any CPU
		{7C879DF0-E1CE-4190-BF1D-32033FA4E81E}.Release|Any CPU.Build.0 = Release|Any CPU
	EndGlobalSection
	GlobalSection(SolutionProperties) = preSolution
		HideSolutionNode = FALSE
	EndGlobalSection
	GlobalSection(ExtensibilityGlobals) = postSolution
		SolutionGuid = {5C5B8CFB-4F83-4459-A390-CBE089B9141B}
	EndGlobalSection
EndGlobal
